{
  "name": "portfolio",
  "lockfileVersion": 3,
  "requires": true,
  "packages": {
    "": {
      "dependencies": {
        "@studio-freight/lenis": "^1.0.25"
      }
    },
    "node_modules/@studio-freight/lenis": {
      "version": "1.0.25",
      "resolved": "https://registry.npmjs.org/@studio-freight/lenis/-/lenis-1.0.25.tgz",
      "integrity": "sha512-O/yBzy+SEMbp+x/isXm5CqFsGUbazwOKTGeMo5tZCHgTEUINxndttTI/90jgysXNRx0f+QDJBKaBTdx40KBF7w=="
    }
  }
}
